PODS:
  - DDCometClient (1.0.1)
  - Expecta (0.3.1)
  - FXReachability (1.3)
  - OCMock (3.1.2)
  - OHHTTPStubs (3.1.10):
    - OHHTTPStubs/Core (= 3.1.10)
  - OHHTTPStubs/Core (3.1.10)

DEPENDENCIES:
  - DDCometClient (~> 1.0)
  - Expecta
  - FXReachability (~> 1.3)
  - OCMock
  - OHHTTPStubs

SPEC CHECKSUMS:
  DDCometClient: d0c81b6bf58c74b29114440b94ef7027f450f055
  Expecta: a354d4633409dd9fe8c4f5ff5130426adbe31628
  FXReachability: fc1ea418e5db48cc3e0dd7748f7baf80b144f50f
  OCMock: a10ea9f0a6e921651f96f78b6faee95ebc813b92
  OHHTTPStubs: 00152a63400246fcbc4b772a2a547ea34c97cbd6

COCOAPODS: 0.36.3
